
Microsoft Visual Studio Solution File, Format Version 12.00
# Visual Studio 15
VisualStudioVersion = 15.0.26124.0
MinimumVisualStudioVersion = 15.0.26124.0
Project("{9A19103F-16F7-4668-BE54-9A1E7A4F7556}") = "Zek.Shared", "src\Zek.Shared\Zek.Shared.csproj", "{88166894-7D42-4C0D-9A32-D5920078346A}"
EndProject
Project("{9A19103F-16F7-4668-BE54-9A1E7A4F7556}") = "Zek.UnitTests", "src\Zek.UnitTests\Zek.UnitTests.csproj", "{D6412FA8-0A02-4A3F-89BE-9916833465C0}"
EndProject
Project("{9A19103F-16F7-4668-BE54-9A1E7A4F7556}") = "TMS", "src\samples\TMS.Api\TMS.csproj", "{FA6D8508-7DBE-4079-B686-CB834866949E}"
EndProject
Project("{2150E333-8FDC-42A3-9474-1A3956D46DE8}") = "Samples", "Samples", "{8ED8FD9A-947C-41F4-A4DB-A1F5C63217C6}"
EndProject
Global
	GlobalSection(SolutionConfigurationPlatforms) = preSolution
		Debug|Any CPU = Debug|Any CPU
		Release|Any CPU = Release|Any CPU
	EndGlobalSection
	GlobalSection(ProjectConfigurationPlatforms) = postSolution
		{88166894-7D42-4C0D-9A32-D5920078346A}.Debug|Any CPU.ActiveCfg = Debug|Any CPU
		{88166894-7D42-4C0D-9A32-D5920078346A}.Debug|Any CPU.Build.0 = Debug|Any CPU
		{88166894-7D42-4C0D-9A32-D5920078346A}.Release|Any CPU.ActiveCfg = Release|Any CPU
		{88166894-7D42-4C0D-9A32-D5920078346A}.Release|Any CPU.Build.0 = Release|Any CPU
		{D6412FA8-0A02-4A3F-89BE-9916833465C0}.Debug|Any CPU.ActiveCfg = Debug|Any CPU
		{D6412FA8-0A02-4A3F-89BE-9916833465C0}.Debug|Any CPU.Build.0 = Debug|Any CPU
		{D6412FA8-0A02-4A3F-89BE-9916833465C0}.Release|Any CPU.ActiveCfg = Release|Any CPU
		{D6412FA8-0A02-4A3F-89BE-9916833465C0}.Release|Any CPU.Build.0 = Release|Any CPU
		{FA6D8508-7DBE-4079-B686-CB834866949E}.Debug|Any CPU.ActiveCfg = Debug|Any CPU
		{FA6D8508-7DBE-4079-B686-CB834866949E}.Debug|Any CPU.Build.0 = Debug|Any CPU
		{FA6D8508-7DBE-4079-B686-CB834866949E}.Release|Any CPU.ActiveCfg = Release|Any CPU
		{FA6D8508-7DBE-4079-B686-CB834866949E}.Release|Any CPU.Build.0 = Release|Any CPU
	EndGlobalSection
	GlobalSection(SolutionProperties) = preSolution
		HideSolutionNode = FALSE
	EndGlobalSection
	GlobalSection(NestedProjects) = preSolution
		{FA6D8508-7DBE-4079-B686-CB834866949E} = {8ED8FD9A-947C-41F4-A4DB-A1F5C63217C6}
	EndGlobalSection
	GlobalSection(ExtensibilityGlobals) = postSolution
		SolutionGuid = {A683FABC-8FE9-41DF-A3E0-C6B6E91CC427}
	EndGlobalSection
EndGlobal
